
Microsoft Visual Studio Solution File, Format Version 12.00
# Visual Studio Version 16
VisualStudioVersion = 16.0.30114.105
MinimumVisualStudioVersion = 10.0.40219.1
Project("{9A19103F-16F7-4668-BE54-9A1E7A4F7556}") = "Quiz", "Quiz.csproj", "{A7B7B206-FD76-44D5-B5AF-1A66692E5B23}"
EndProject
Project("{2150E333-8FDC-42A3-9474-1A3956D46DE8}") = "Solution Items", "Solution Items", "{62F04B87-FF9E-4E7A-BC56-3E9853027FA8}"
	ProjectSection(SolutionItems) = preProject
		.editorconfig = .editorconfig
	EndProjectSection
EndProject
Global
	GlobalSection(SolutionConfigurationPlatforms) = preSolution
		Debug|Any CPU = Debug|Any CPU
		Release|Any CPU = Release|Any CPU
	EndGlobalSection
	GlobalSection(ProjectConfigurationPlatforms) = postSolution
		{A7B7B206-FD76-44D5-B5AF-1A66692E5B23}.Debug|Any CPU.ActiveCfg = Debug|Any CPU
		{A7B7B206-FD76-44D5-B5AF-1A66692E5B23}.Debug|Any CPU.Build.0 = Debug|Any CPU
		{A7B7B206-FD76-44D5-B5AF-1A66692E5B23}.Release|Any CPU.ActiveCfg = Release|Any CPU
		{A7B7B206-FD76-44D5-B5AF-1A66692E5B23}.Release|Any CPU.Build.0 = Release|Any CPU
	EndGlobalSection
	GlobalSection(SolutionProperties) = preSolution
		HideSolutionNode = FALSE
	EndGlobalSection
	GlobalSection(ExtensibilityGlobals) = postSolution
		SolutionGuid = {F178927B-F63C-4275-B93A-FE6C3A7D1E9D}
	EndGlobalSection
EndGlobal
